
Microsoft Visual Studio Solution File, Format Version 12.00
# Visual Studio Version 17
VisualStudioVersion = 17.14.36310.24 d17.14
MinimumVisualStudioVersion = 10.0.40219.1
Project("{FAE04EC0-301F-11D3-BF4B-00C04F79EFBC}") = "ConsoleApp11", "ConsoleApp11\ConsoleApp11.csproj", "{C6723525-D0CA-4EF1-884D-B8E1C1FC8BC3}"
EndProject
Global
	GlobalSection(SolutionConfigurationPlatforms) = preSolution
		Debug|Any CPU = Debug|Any CPU
		Release|Any CPU = Release|Any CPU
	EndGlobalSection
	GlobalSection(ProjectConfigurationPlatforms) = postSolution
		{C6723525-D0CA-4EF1-884D-B8E1C1FC8BC3}.Debug|Any CPU.ActiveCfg = Debug|Any CPU
		{C6723525-D0CA-4EF1-884D-B8E1C1FC8BC3}.Debug|Any CPU.Build.0 = Debug|Any CPU
		{C6723525-D0CA-4EF1-884D-B8E1C1FC8BC3}.Release|Any CPU.ActiveCfg = Release|Any CPU
		{C6723525-D0CA-4EF1-884D-B8E1C1FC8BC3}.Release|Any CPU.Build.0 = Release|Any CPU
	EndGlobalSection
	GlobalSection(SolutionProperties) = preSolution
		HideSolutionNode = FALSE
	EndGlobalSection
	GlobalSection(ExtensibilityGlobals) = postSolution
		SolutionGuid = {CDF7DBF5-1D82-41FD-9870-F1490BA653F8}
	EndGlobalSection
EndGlobal
